
Microsoft Visual Studio Solution File, Format Version 12.00
# Visual Studio Version 17
VisualStudioVersion = 17.4.33205.214
MinimumVisualStudioVersion = 10.0.40219.1
Project("{2150E333-8FDC-42A3-9474-1A3956D46DE8}") = "Core", "Core", "{6C5646E5-8A95-4814-AD33-CD650A31C587}"
EndProject
Project("{2150E333-8FDC-42A3-9474-1A3956D46DE8}") = "Infrastructure", "Infrastructure", "{9F769753-A6F0-4CD2-B014-5B225BE60111}"
EndProject
Project("{2150E333-8FDC-42A3-9474-1A3956D46DE8}") = "Presentation", "Presentation", "{C648F97C-E635-4D87-88BC-1E97FAACA23B}"
EndProject
Project("{FAE04EC0-301F-11D3-BF4B-00C04F79EFBC}") = "Obilet.Web", "Presentation\Obilet.Web\Obilet.Web.csproj", "{0C707CA0-019A-4F5F-88C5-B3EEF1733F9B}"
EndProject
Project("{FAE04EC0-301F-11D3-BF4B-00C04F79EFBC}") = "Obilet.Application", "Core\Obilet.Application\Obilet.Application.csproj", "{DEDCE2E6-9B69-493D-A436-35404E25DBF8}"
EndProject
Project("{FAE04EC0-301F-11D3-BF4B-00C04F79EFBC}") = "Obilet.Domain", "Core\Obilet.Domain\Obilet.Domain.csproj", "{41F32499-036C-4408-91E8-4B8EB41A65E2}"
EndProject
Project("{FAE04EC0-301F-11D3-BF4B-00C04F79EFBC}") = "Obilet.Infrastructure", "Infrastructure\Obilet.Infrastructure\Obilet.Infrastructure.csproj", "{5F608B89-8B71-456A-9322-3BB8F4D7466F}"
EndProject
Project("{FAE04EC0-301F-11D3-BF4B-00C04F79EFBC}") = "Obilet.Persistence", "Infrastructure\Obilet.Persistence\Obilet.Persistence.csproj", "{04FFED81-4469-4A56-8E8F-72891D23CD8E}"
EndProject
Global
	GlobalSection(SolutionConfigurationPlatforms) = preSolution
		Debug|Any CPU = Debug|Any CPU
		Release|Any CPU = Release|Any CPU
	EndGlobalSection
	GlobalSection(ProjectConfigurationPlatforms) = postSolution
		{0C707CA0-019A-4F5F-88C5-B3EEF1733F9B}.Debug|Any CPU.ActiveCfg = Debug|Any CPU
		{0C707CA0-019A-4F5F-88C5-B3EEF1733F9B}.Debug|Any CPU.Build.0 = Debug|Any CPU
		{0C707CA0-019A-4F5F-88C5-B3EEF1733F9B}.Release|Any CPU.ActiveCfg = Release|Any CPU
		{0C707CA0-019A-4F5F-88C5-B3EEF1733F9B}.Release|Any CPU.Build.0 = Release|Any CPU
		{DEDCE2E6-9B69-493D-A436-35404E25DBF8}.Debug|Any CPU.ActiveCfg = Debug|Any CPU
		{DEDCE2E6-9B69-493D-A436-35404E25DBF8}.Debug|Any CPU.Build.0 = Debug|Any CPU
		{DEDCE2E6-9B69-493D-A436-35404E25DBF8}.Release|Any CPU.ActiveCfg = Release|Any CPU
		{DEDCE2E6-9B69-493D-A436-35404E25DBF8}.Release|Any CPU.Build.0 = Release|Any CPU
		{41F32499-036C-4408-91E8-4B8EB41A65E2}.Debug|Any CPU.ActiveCfg = Debug|Any CPU
		{41F32499-036C-4408-91E8-4B8EB41A65E2}.Debug|Any CPU.Build.0 = Debug|Any CPU
		{41F32499-036C-4408-91E8-4B8EB41A65E2}.Release|Any CPU.ActiveCfg = Release|Any CPU
		{41F32499-036C-4408-91E8-4B8EB41A65E2}.Release|Any CPU.Build.0 = Release|Any CPU
		{5F608B89-8B71-456A-9322-3BB8F4D7466F}.Debug|Any CPU.ActiveCfg = Debug|Any CPU
		{5F608B89-8B71-456A-9322-3BB8F4D7466F}.Debug|Any CPU.Build.0 = Debug|Any CPU
		{5F608B89-8B71-456A-9322-3BB8F4D7466F}.Release|Any CPU.ActiveCfg = Release|Any CPU
		{5F608B89-8B71-456A-9322-3BB8F4D7466F}.Release|Any CPU.Build.0 = Release|Any CPU
		{04FFED81-4469-4A56-8E8F-72891D23CD8E}.Debug|Any CPU.ActiveCfg = Debug|Any CPU
		{04FFED81-4469-4A56-8E8F-72891D23CD8E}.Debug|Any CPU.Build.0 = Debug|Any CPU
		{04FFED81-4469-4A56-8E8F-72891D23CD8E}.Release|Any CPU.ActiveCfg = Release|Any CPU
		{04FFED81-4469-4A56-8E8F-72891D23CD8E}.Release|Any CPU.Build.0 = Release|Any CPU
	EndGlobalSection
	GlobalSection(SolutionProperties) = preSolution
		HideSolutionNode = FALSE
	EndGlobalSection
	GlobalSection(NestedProjects) = preSolution
		{0C707CA0-019A-4F5F-88C5-B3EEF1733F9B} = {C648F97C-E635-4D87-88BC-1E97FAACA23B}
		{DEDCE2E6-9B69-493D-A436-35404E25DBF8} = {6C5646E5-8A95-4814-AD33-CD650A31C587}
		{41F32499-036C-4408-91E8-4B8EB41A65E2} = {6C5646E5-8A95-4814-AD33-CD650A31C587}
		{5F608B89-8B71-456A-9322-3BB8F4D7466F} = {9F769753-A6F0-4CD2-B014-5B225BE60111}
		{04FFED81-4469-4A56-8E8F-72891D23CD8E} = {9F769753-A6F0-4CD2-B014-5B225BE60111}
	EndGlobalSection
	GlobalSection(ExtensibilityGlobals) = postSolution
		SolutionGuid = {C701EFEF-8E78-4D14-A000-AB226CE7BC09}
	EndGlobalSection
EndGlobal
